// !$*UTF8*$!
{
	archiveVersion = 1;
	classes = {
	};
	objectVersion = 51;
	objects = {

/* Begin PBXBuildFile section */
		80F272FF50B71423B24894E6 /* Pods_CDLiveStreaming.framework in Frameworks */ = {isa = PBXBuildFile; fileRef = 5F580B851D2C17F03AE076E6 /* Pods_CDLiveStreaming.framework */; };
		A67E769A2424F23D00D48E1E /* AppDelegate.swift in Sources */ = {isa = PBXBuildFile; fileRef = A67E76992424F23D00D48E1E /* AppDelegate.swift */; };
		A67E769C2424F23D00D48E1E /* ViewController.swift in Sources */ = {isa = PBXBuildFile; fileRef = A67E769B2424F23D00D48E1E /* ViewController.swift */; };
		A67E769F2424F23D00D48E1E /* Main.storyboard in Resources */ = {isa = PBXBuildFile; fileRef = A67E769D2424F23D00D48E1E /* Main.storyboard */; };
		A67E76A12424F23E00D48E1E /* Assets.xcassets in Resources */ = {isa = PBXBuildFile; fileRef = A67E76A02424F23E00D48E1E /* Assets.xcassets */; };
		A67E76A42424F23E00D48E1E /* LaunchScreen.storyboard in Resources */ = {isa = PBXBuildFile; fileRef = A67E76A22424F23E00D48E1E /* LaunchScreen.storyboard */; };
/* End PBXBuildFile section */

/* Begin PBXFileReference section */
		43CD88D071F9DE08A96917FF /* Pods-CDLiveStreaming.debug.xcconfig */ = {isa = PBXFileReference; includeInIndex = 1; lastKnownFileType = text.xcconfig; name = "Pods-CDLiveStreaming.debug.xcconfig"; path = "Target Support Files/Pods-CDLiveStreaming/Pods-CDLiveStreaming.debug.xcconfig"; sourceTree = "<group>"; };
		5F580B851D2C17F03AE076E6 /* Pods_CDLiveStreaming.framework */ = {isa = PBXFileReference; explicitFileType = wrapper.framework; includeInIndex = 0; path = Pods_CDLiveStreaming.framework; sourceTree = BUILT_PRODUCTS_DIR; };
		A6069F5B2428E995009C015D /* CDLiveStreaming-Bridging-Header.h */ = {isa = PBXFileReference; lastKnownFileType = sourcecode.c.h; path = "CDLiveStreaming-Bridging-Header.h"; sourceTree = "<group>"; };
		A67E76962424F23D00D48E1E /* CDLiveStreaming.app */ = {isa = PBXFileReference; explicitFileType = wrapper.application; includeInIndex = 0; path = CDLiveStreaming.app; sourceTree = BUILT_PRODUCTS_DIR; };
		A67E76992424F23D00D48E1E /* AppDelegate.swift */ = {isa = PBXFileReference; lastKnownFileType = sourcecode.swift; path = AppDelegate.swift; sourceTree = "<group>"; };
		A67E769B2424F23D00D48E1E /* ViewController.swift */ = {isa = PBXFileReference; lastKnownFileType = sourcecode.swift; path = ViewController.swift; sourceTree = "<group>"; };
		A67E769E2424F23D00D48E1E /* Base */ = {isa = PBXFileReference; lastKnownFileType = file.storyboard; name = Base; path = Base.lproj/Main.storyboard; sourceTree = "<group>"; };
		A67E76A02424F23E00D48E1E /* Assets.xcassets */ = {isa = PBXFileReference; lastKnownFileType = folder.assetcatalog; path = Assets.xcassets; sourceTree = "<group>"; };
		A67E76A32424F23E00D48E1E /* Base */ = {isa = PBXFileReference; lastKnownFileType = file.storyboard; name = Base; path = Base.lproj/LaunchScreen.storyboard; sourceTree = "<group>"; };
		A67E76A52424F23E00D48E1E /* Info.plist */ = {isa = PBXFileReference; lastKnownFileType = text.plist.xml; path = Info.plist; sourceTree = "<group>"; };
		E72791F0CCE2087AB35BDE46 /* Pods-CDLiveStreaming.release.xcconfig */ = {isa = PBXFileReference; includeInIndex = 1; lastKnownFileType = text.xcconfig; name = "Pods-CDLiveStreaming.release.xcconfig"; path = "Target Support Files/Pods-CDLiveStreaming/Pods-CDLiveStreaming.release.xcconfig"; sourceTree = "<group>"; };
/* End PBXFileReference section */

/* Begin PBXFrameworksBuildPhase section */
		A67E76932424F23D00D48E1E /* Frameworks */ = {
			isa = PBXFrameworksBuildPhase;
			buildActionMask = 2147483647;
			files = (
				80F272FF50B71423B24894E6 /* Pods_CDLiveStreaming.framework in Frameworks */,
			);
			runOnlyForDeploymentPostprocessing = 0;
		};
/* End PBXFrameworksBuildPhase section */

/* Begin PBXGroup section */
		3EF54EC91FFCAA469953FADA /* Frameworks */ = {
			isa = PBXGroup;
			children = (
				5F580B851D2C17F03AE076E6 /* Pods_CDLiveStreaming.framework */,
			);
			name = Frameworks;
			sourceTree = "<group>";
		};
		4BFE7C2F40CB4A2F5DFA10AF /* Pods */ = {
			isa = PBXGroup;
			children = (
				43CD88D071F9DE08A96917FF /* Pods-CDLiveStreaming.debug.xcconfig */,
				E72791F0CCE2087AB35BDE46 /* Pods-CDLiveStreaming.release.xcconfig */,
			);
			path = Pods;
			sourceTree = "<group>";
		};
		A67E768D2424F23D00D48E1E = {
			isa = PBXGroup;
			children = (
				A67E76982424F23D00D48E1E /* CDLiveStreaming */,
				A67E76972424F23D00D48E1E /* Products */,
				4BFE7C2F40CB4A2F5DFA10AF /* Pods */,
				3EF54EC91FFCAA469953FADA /* Frameworks */,
			);
			sourceTree = "<group>";
		};
		A67E76972424F23D00D48E1E /* Products */ = {
			isa = PBXGroup;
			children = (
				A67E76962424F23D00D48E1E /* CDLiveStreaming.app */,
			);
			name = Products;
			sourceTree = "<group>";
		};
		A67E76982424F23D00D48E1E /* CDLiveStreaming */ = {
			isa = PBXGroup;
			children = (
				A67E76992424F23D00D48E1E /* AppDelegate.swift */,
				A67E769B2424F23D00D48E1E /* ViewController.swift */,
				A67E769D2424F23D00D48E1E /* Main.storyboard */,
				A67E76A02424F23E00D48E1E /* Assets.xcassets */,
				A67E76A22424F23E00D48E1E /* LaunchScreen.storyboard */,
				A67E76A52424F23E00D48E1E /* Info.plist */,
				A6069F5B2428E995009C015D /* CDLiveStreaming-Bridging-Header.h */,
			);
			path = CDLiveStreaming;
			sourceTree = "<group>";
		};
/* End PBXGroup section */

/* Begin PBXNativeTarget section */
		A67E76952424F23D00D48E1E /* CDLiveStreaming */ = {
			isa = PBXNativeTarget;
			buildConfigurationList = A67E76A82424F23E00D48E1E /* Build configuration list for PBXNativeTarget "CDLiveStreaming" */;
			buildPhases = (
				E8F1DC9D551DD9F3B9FEC7A3 /* [CP] Check Pods Manifest.lock */,
				A67E76922424F23D00D48E1E /* Sources */,
				A67E76932424F23D00D48E1E /* Frameworks */,
				A67E76942424F23D00D48E1E /* Resources */,
				41698643914C39225F443AAB /* [CP] Embed Pods Frameworks */,
			);
			buildRules = (
			);
			dependencies = (
			);
			name = CDLiveStreaming;
			productName = CDLiveStreaming;
			productReference = A67E76962424F23D00D48E1E /* CDLiveStreaming.app */;
			productType = "com.apple.product-type.application";
		};
/* End PBXNativeTarget section */

/* Begin PBXProject section */
		A67E768E2424F23D00D48E1E /* Project object */ = {
			isa = PBXProject;
			attributes = {
				LastSwiftUpdateCheck = 1010;
				LastUpgradeCheck = 1010;
				ORGANIZATIONNAME = chengdong;
				TargetAttributes = {
					A67E76952424F23D00D48E1E = {
						CreatedOnToolsVersion = 10.1;
						LastSwiftMigration = 1010;
					};
				};
			};
			buildConfigurationList = A67E76912424F23D00D48E1E /* Build configuration list for PBXProject "CDLiveStreaming" */;
			compatibilityVersion = "Xcode 9.3";
			developmentRegion = en;
			hasScannedForEncodings = 0;
			knownRegions = (
				en,
				Base,
			);
			mainGroup = A67E768D2424F23D00D48E1E;
			productRefGroup = A67E76972424F23D00D48E1E /* Products */;
			projectDirPath = "";
			projectRoot = "";
			targets = (
				A67E76952424F23D00D48E1E /* CDLiveStreaming */,
			);
		};
/* End PBXProject section */

/* Begin PBXResourcesBuildPhase section */
		A67E76942424F23D00D48E1E /* Resources */ = {
			isa = PBXResourcesBuildPhase;
			buildActionMask = 2147483647;
			files = (
				A67E76A42424F23E00D48E1E /* LaunchScreen.storyboard in Resources */,
				A67E76A12424F23E00D48E1E /* Assets.xcassets in Resources */,
				A67E769F2424F23D00D48E1E /* Main.storyboard in Resources */,
			);
			runOnlyForDeploymentPostprocessing = 0;
		};
/* End PBXResourcesBuildPhase section */

/* Begin PBXShellScriptBuildPhase section */
		41698643914C39225F443AAB /* [CP] Embed Pods Frameworks */ = {
			isa = PBXShellScriptBuildPhase;
			buildActionMask = 2147483647;
			files = (
			);
			inputFileListPaths = (
				"${PODS_ROOT}/Target Support Files/Pods-CDLiveStreaming/Pods-CDLiveStreaming-frameworks-${CONFIGURATION}-input-files.xcfilelist",
			);
			name = "[CP] Embed Pods Frameworks";
			outputFileListPaths = (
				"${PODS_ROOT}/Target Support Files/Pods-CDLiveStreaming/Pods-CDLiveStreaming-frameworks-${CONFIGURATION}-output-files.xcfilelist",
			);
			runOnlyForDeploymentPostprocessing = 0;
			shellPath = /bin/sh;
			shellScript = "\"${PODS_ROOT}/Target Support Files/Pods-CDLiveStreaming/Pods-CDLiveStreaming-frameworks.sh\"\n";
			showEnvVarsInLog = 0;
		};
		E8F1DC9D551DD9F3B9FEC7A3 /* [CP] Check Pods Manifest.lock */ = {
			isa = PBXShellScriptBuildPhase;
			buildActionMask = 2147483647;
			files = (
			);
			inputFileListPaths = (
			);
			inputPaths = (
				"${PODS_PODFILE_DIR_PATH}/Podfile.lock",
				"${PODS_ROOT}/Manifest.lock",
			);
			name = "[CP] Check Pods Manifest.lock";
			outputFileListPaths = (
			);
			outputPaths = (
				"$(DERIVED_FILE_DIR)/Pods-CDLiveStreaming-checkManifestLockResult.txt",
			);
			runOnlyForDeploymentPostprocessing = 0;
			shellPath = /bin/sh;
			shellScript = "diff \"${PODS_PODFILE_DIR_PATH}/Podfile.lock\" \"${PODS_ROOT}/Manifest.lock\" > /dev/null\nif [ $? != 0 ] ; then\n    # print error to STDERR\n    echo \"error: The sandbox is not in sync with the Podfile.lock. Run 'pod install' or update your CocoaPods installation.\" >&2\n    exit 1\nfi\n# This output is used by Xcode 'outputs' to avoid re-running this script phase.\necho \"SUCCESS\" > \"${SCRIPT_OUTPUT_FILE_0}\"\n";
			showEnvVarsInLog = 0;
		};
/* End PBXShellScriptBuildPhase section */

/* Begin PBXSourcesBuildPhase section */
		A67E76922424F23D00D48E1E /* Sources */ = {
			isa = PBXSourcesBuildPhase;
			buildActionMask = 2147483647;
			files = (
				A67E769C2424F23D00D48E1E /* ViewController.swift in Sources */,
				A67E769A2424F23D00D48E1E /* AppDelegate.swift in Sources */,
			);
			runOnlyForDeploymentPostprocessing = 0;
		};
/* End PBXSourcesBuildPhase section */

/* Begin PBXVariantGroup section */
		A67E769D2424F23D00D48E1E /* Main.storyboard */ = {
			isa = PBXVariantGroup;
			children = (
				A67E769E2424F23D00D48E1E /* Base */,
			);
			name = Main.storyboard;
			sourceTree = "<group>";
		};
		A67E76A22424F23E00D48E1E /* LaunchScreen.storyboard */ = {
			isa = PBXVariantGroup;
			children = (
				A67E76A32424F23E00D48E1E /* Base */,
			);
			name = LaunchScreen.storyboard;
			sourceTree = "<group>";
		};
/* End PBXVariantGroup section */

/* Begin XCBuildConfiguration section */
		A67E76A62424F23E00D48E1E /* Debug */ = {
			isa = XCBuildConfiguration;
			buildSettings = {
				ALWAYS_SEARCH_USER_PATHS = NO;
				CLANG_ANALYZER_NONNULL = YES;
				CLANG_ANALYZER_NUMBER_OBJECT_CONVERSION = YES_AGGRESSIVE;
				CLANG_CXX_LANGUAGE_STANDARD = "gnu++14";
				CLANG_CXX_LIBRARY = "libc++";
				CLANG_ENABLE_MODULES = YES;
				CLANG_ENABLE_OBJC_ARC = YES;
				CLANG_ENABLE_OBJC_WEAK = YES;
				CLANG_WARN_BLOCK_CAPTURE_AUTORELEASING = YES;
				CLANG_WARN_BOOL_CONVERSION = YES;
				CLANG_WARN_COMMA = YES;
				CLANG_WARN_CONSTANT_CONVERSION = YES;
				CLANG_WARN_DEPRECATED_OBJC_IMPLEMENTATIONS = YES;
				CLANG_WARN_DIRECT_OBJC_ISA_USAGE = YES_ERROR;
				CLANG_WARN_DOCUMENTATION_COMMENTS = YES;
				CLANG_WARN_EMPTY_BODY = YES;
				CLANG_WARN_ENUM_CONVERSION = YES;
				CLANG_WARN_INFINITE_RECURSION = YES;
				CLANG_WARN_INT_CONVERSION = YES;
				CLANG_WARN_NON_LITERAL_NULL_CONVERSION = YES;
				CLANG_WARN_OBJC_IMPLICIT_RETAIN_SELF = YES;
				CLANG_WARN_OBJC_LITERAL_CONVERSION = YES;
				CLANG_WARN_OBJC_ROOT_CLASS = YES_ERROR;
				CLANG_WARN_RANGE_LOOP_ANALYSIS = YES;
				CLANG_WARN_STRICT_PROTOTYPES = YES;
				CLANG_WARN_SUSPICIOUS_MOVE = YES;
				CLANG_WARN_UNGUARDED_AVAILABILITY = YES_AGGRESSIVE;
				CLANG_WARN_UNREACHABLE_CODE = YES;
				CLANG_WARN__DUPLICATE_METHOD_MATCH = YES;
				CODE_SIGN_IDENTITY = "iPhone Developer";
				COPY_PHASE_STRIP = NO;
				DEBUG_INFORMATION_FORMAT = dwarf;
				ENABLE_STRICT_OBJC_MSGSEND = YES;
				ENABLE_TESTABILITY = YES;
				GCC_C_LANGUAGE_STANDARD = gnu11;
				GCC_DYNAMIC_NO_PIC = NO;
				GCC_NO_COMMON_BLOCKS = YES;
				GCC_OPTIMIZATION_LEVEL = 0;
				GCC_PREPROCESSOR_DEFINITIONS = (
					"DEBUG=1",
					"$(inherited)",
				);
				GCC_WARN_64_TO_32_BIT_CONVERSION = YES;
				GCC_WARN_ABOUT_RETURN_TYPE = YES_ERROR;
				GCC_WARN_UNDECLARED_SELECTOR = YES;
				GCC_WARN_UNINITIALIZED_AUTOS = YES_AGGRESSIVE;
				GCC_WARN_UNUSED_FUNCTION = YES;
				GCC_WARN_UNUSED_VARIABLE = YES;
				IPHONEOS_DEPLOYMENT_TARGET = 12.1;
				MTL_ENABLE_DEBUG_INFO = INCLUDE_SOURCE;
				MTL_FAST_MATH = YES;
				ONLY_ACTIVE_ARCH = YES;
				SDKROOT = iphoneos;
				SWIFT_ACTIVE_COMPILATION_CONDITIONS = DEBUG;
				SWIFT_OPTIMIZATION_LEVEL = "-Onone";
			};
			name = Debug;
		};
		A67E76A72424F23E00D48E1E /* Release */ = {
			isa = XCBuildConfiguration;
			buildSettings = {
				ALWAYS_SEARCH_USER_PATHS = NO;
				CLANG_ANALYZER_NONNULL = YES;
				CLANG_ANALYZER_NUMBER_OBJECT_CONVERSION = YES_AGGRESSIVE;
				CLANG_CXX_LANGUAGE_STANDARD = "gnu++14";
				CLANG_CXX_LIBRARY = "libc++";
				CLANG_ENABLE_MODULES = YES;
				CLANG_ENABLE_OBJC_ARC = YES;
				CLANG_ENABLE_OBJC_WEAK = YES;
				CLANG_WARN_BLOCK_CAPTURE_AUTORELEASING = YES;
				CLANG_WARN_BOOL_CONVERSION = YES;
				CLANG_WARN_COMMA = YES;
				CLANG_WARN_CONSTANT_CONVERSION = YES;
				CLANG_WARN_DEPRECATED_OBJC_IMPLEMENTATIONS = YES;
				CLANG_WARN_DIRECT_OBJC_ISA_USAGE = YES_ERROR;
				CLANG_WARN_DOCUMENTATION_COMMENTS = YES;
				CLANG_WARN_EMPTY_BODY = YES;
				CLANG_WARN_ENUM_CONVERSION = YES;
				CLANG_WARN_INFINITE_RECURSION = YES;
				CLANG_WARN_INT_CONVERSION = YES;
				CLANG_WARN_NON_LITERAL_NULL_CONVERSION = YES;
				CLANG_WARN_OBJC_IMPLICIT_RETAIN_SELF = YES;
				CLANG_WARN_OBJC_LITERAL_CONVERSION = YES;
				CLANG_WARN_OBJC_ROOT_CLASS = YES_ERROR;
				CLANG_WARN_RANGE_LOOP_ANALYSIS = YES;
				CLANG_WARN_STRICT_PROTOTYPES = YES;
				CLANG_WARN_SUSPICIOUS_MOVE = YES;
				CLANG_WARN_UNGUARDED_AVAILABILITY = YES_AGGRESSIVE;
				CLANG_WARN_UNREACHABLE_CODE = YES;
				CLANG_WARN__DUPLICATE_METHOD_MATCH = YES;
				CODE_SIGN_IDENTITY = "iPhone Developer";
				COPY_PHASE_STRIP = NO;
				DEBUG_INFORMATION_FORMAT = "dwarf-with-dsym";
				ENABLE_NS_ASSERTIONS = NO;
				ENABLE_STRICT_OBJC_MSGSEND = YES;
				GCC_C_LANGUAGE_STANDARD = gnu11;
				GCC_NO_COMMON_BLOCKS = YES;
				GCC_WARN_64_TO_32_BIT_CONVERSION = YES;
				GCC_WARN_ABOUT_RETURN_TYPE = YES_ERROR;
				GCC_WARN_UNDECLARED_SELECTOR = YES;
				GCC_WARN_UNINITIALIZED_AUTOS = YES_AGGRESSIVE;
				GCC_WARN_UNUSED_FUNCTION = YES;
				GCC_WARN_UNUSED_VARIABLE = YES;
				IPHONEOS_DEPLOYMENT_TARGET = 12.1;
				MTL_ENABLE_DEBUG_INFO = NO;
				MTL_FAST_MATH = YES;
				SDKROOT = iphoneos;
				SWIFT_COMPILATION_MODE = wholemodule;
				SWIFT_OPTIMIZATION_LEVEL = "-O";
				VALIDATE_PRODUCT = YES;
			};
			name = Release;
		};
		A67E76A92424F23E00D48E1E /* Debug */ = {
			isa = XCBuildConfiguration;
			baseConfigurationReference = 43CD88D071F9DE08A96917FF /* Pods-CDLiveStreaming.debug.xcconfig */;
			buildSettings = {
				ASSETCATALOG_COMPILER_APPICON_NAME = AppIcon;
				CLANG_ENABLE_MODULES = YES;
				CODE_SIGN_STYLE = Automatic;
				INFOPLIST_FILE = CDLiveStreaming/Info.plist;
				LD_RUNPATH_SEARCH_PATHS = (
					"$(inherited)",
					"@executable_path/Frameworks",
				);
				PRODUCT_BUNDLE_IDENTIFIER = top.chengdong.CDLiveStreaming;
				PRODUCT_NAME = "$(TARGET_NAME)";
				SWIFT_OBJC_BRIDGING_HEADER = "CDLiveStreaming/CDLiveStreaming-Bridging-Header.h";
				SWIFT_OPTIMIZATION_LEVEL = "-Onone";
				SWIFT_VERSION = 4.2;
				TARGETED_DEVICE_FAMILY = "1,2";
			};
			name = Debug;
		};
		A67E76AA2424F23E00D48E1E /* Release */ = {
			isa = XCBuildConfiguration;
			baseConfigurationReference = E72791F0CCE2087AB35BDE46 /* Pods-CDLiveStreaming.release.xcconfig */;
			buildSettings = {
				ASSETCATALOG_COMPILER_APPICON_NAME = AppIcon;
				CLANG_ENABLE_MODULES = YES;
				CODE_SIGN_STYLE = Automatic;
				INFOPLIST_FILE = CDLiveStreaming/Info.plist;
				LD_RUNPATH_SEARCH_PATHS = (
					"$(inherited)",
					"@executable_path/Frameworks",
				);
				PRODUCT_BUNDLE_IDENTIFIER = top.chengdong.CDLiveStreaming;
				PRODUCT_NAME = "$(TARGET_NAME)";
				SWIFT_OBJC_BRIDGING_HEADER = "CDLiveStreaming/CDLiveStreaming-Bridging-Header.h";
				SWIFT_VERSION = 4.2;
				TARGETED_DEVICE_FAMILY = "1,2";
			};
			name = Release;
		};
/* End XCBuildConfiguration section */

/* Begin XCConfigurationList section */
		A67E76912424F23D00D48E1E /* Build configuration list for PBXProject "CDLiveStreaming" */ = {
			isa = XCConfigurationList;
			buildConfigurations = (
				A67E76A62424F23E00D48E1E /* Debug */,
				A67E76A72424F23E00D48E1E /* Release */,
			);
			defaultConfigurationIsVisible = 0;
			defaultConfigurationName = Release;
		};
		A67E76A82424F23E00D48E1E /* Build configuration list for PBXNativeTarget "CDLiveStreaming" */ = {
			isa = XCConfigurationList;
			buildConfigurations = (
				A67E76A92424F23E00D48E1E /* Debug */,
				A67E76AA2424F23E00D48E1E /* Release */,
			);
			defaultConfigurationIsVisible = 0;
			defaultConfigurationName = Release;
		};
/* End XCConfigurationList section */
	};
	rootObject = A67E768E2424F23D00D48E1E /* Project object */;
}
